{
  "name": "mein-projekt",
  "version": "1.0.0",
  "lockfileVersion": 2,
  "requires": true,
  "packages": {
    "": {
      "name": "mein-projekt",
      "version": "1.0.0",
      "dependencies": {
        "style-dictionary": "^4.0.0"
      },
      "type": "module"
    },
    "node_modules/@bundled-es-modules/deepmerge": {
      "version": "4.3.1",
      "resolved": "https://registry.npmjs.org/@bundled-es-modules/deepmerge/-/deepmerge-4.3.1.tgz",
      "integrity": "sha512-eK+st/vwMmQy0pVvHLa2nzsS+...==",  
      "license": "MIT"
    },
    "node_modules/@bundled-es-modules/glob": {
      "version": "11.0.3",
      "resolved": "https://registry.npmjs.org/@bundled-es-modules/glob/-/glob-11.0.3.tgz",
      "integrity": "sha512-XXXXXXXX...==",
      "license": "ISC"
    },
    "node_modules/@bundled-es-modules/memfs": {
      "version": "4.9.4",
      "resolved": "https://registry.npmjs.org/@bundled-es-modules/memfs/-/memfs-4.9.4.tgz",
      "integrity": "sha512-YYYYYYYY...==",
      "license": "MIT"
    },
    "node_modules/chalk": {
      "version": "5.3.0",
      "resolved": "https://registry.npmjs.org/chalk/-/chalk-5.3.0.tgz",
      "integrity": "sha512-dLitG79d+GV1Nb/VYcCDFivJeK1hiukt9QjRNVOsUtTy1rR1YJsmpGGTZ3qJos+uw7WmWF4wUwBd9jxjocFC2w==",
      "bin": {
        "chalk": "source/index.js"
      },
      "engines": {
        "node": ">=12"
      }
    },
    "node_modules/change-case": {
      "version": "5.3.0",
      "resolved": "https://registry.npmjs.org/change-case/-/change-case-5.3.0.tgz",
      "integrity": "sha512-...==",
      "dependencies": {
        "no-case": "^3.0.3",
        "tslib": "^2.0.0"
      }
    },
    "node_modules/commander": {
      "version": "12.1.0",
      "resolved": "https://registry.npmjs.org/commander/-/commander-12.1.0.tgz",
      "integrity": "sha512-Vw8qHK3bZM9y/P10u3Vib8o/DdkvA2OtPtZvD871QKjy74Wj1WSKFILMPRPSdUSx5RFK1arlJzEtA4PkFgnbuA==",
      "bin": {
        "commander": "lib/commander.js"
      }
    },
    "node_modules/is-plain-obj": {
      "version": "4.1.0",
      "resolved": "https://registry.npmjs.org/is-plain-obj/-/is-plain-obj-4.1.0.tgz",
      "integrity": "sha512-H4wQ5715EmxMKQ...==",
      "engines": {
        "node": ">=8"
      }
    },
    "node_modules/json5": {
      "version": "2.2.2",
      "resolved": "https://registry.npmjs.org/json5/-/json5-2.2.2.tgz",
      "integrity": "sha512-...==",
      "bin": {
        "json5": "lib/cli.js"
      }
    },
    "node_modules/path-unified": {
      "version": "0.2.0",
      "resolved": "https://registry.npmjs.org/path-unified/-/path-unified-0.2.0.tgz",
      "integrity": "sha512-...=="
    },
    "node_modules/prettier": {
      "version": "2.8.8",
      "resolved": "https://registry.npmjs.org/prettier/-/prettier-2.8.8.tgz",
      "integrity": "sha512-...==",
      "bin": {
        "prettier": "bin-prettier.js"
      }
    },
    "node_modules/style-dictionary": {
      "version": "4.0.0",
      "resolved": "https://registry.npmjs.org/style-dictionary/-/style-dictionary-4.0.0.tgz",
      "integrity": "sha512-Yz+xITJ3Y/w0DBISwPkBETP5...==",
      "license": "Apache-2.0",
      "bin": {
        "style-dictionary": "bin/style-dictionary.js"
      },
      "engines": {
        "node": ">=18.0.0"
      },
      "dependencies": {
        "@bundled-es-modules/deepmerge": "^4.3.1",
        "@bundled-es-modules/glob": "^11.0.3",
        "@bundled-es-modules/memfs": "^4.9.4",
        "chalk": "^5.0.0",
        "change-case": "^5.0.0",
        "commander": "^12.0.0",
        "is-plain-obj": "^4.1.0",
        "json5": "^2.2.1",
        "path-unified": "^0.2.0",
        "prettier": "^2.8.0",
        "tinycolor2": "^1.6.0"
      }
    },
    "node_modules/tinycolor2": {
      "version": "1.6.0",
      "resolved": "https://registry.npmjs.org/tinycolor2/-/tinycolor2-1.6.0.tgz",
      "integrity": "sha512-p9WTLWQ7OJ0zxi...==",
      "license": "MIT"
    },
    "... (weitere Unterabhängigkeiten wie no-case, tslib usw.) ...": {}
  },
  "dependencies": {
    "style-dictionary": {
      "version": "4.0.0",
      "resolved": "https://registry.npmjs.org/style-dictionary/-/style-dictionary-4.0.0.tgz",
      "integrity": "sha512-Yz+xITJ3Y/w0DBISwPkBETP5...=="
    },
    "@bundled-es-modules/deepmerge": {
      "version": "4.3.1",
      "integrity": "sha512-eK+st/vwMmQy0pVvHLa2nzsS+...=="
    },
    "@bundled-es-modules/glob": {
      "version": "11.0.3",
      "integrity": "sha512-XXXXXXXX...=="
    },
    "@bundled-es-modules/memfs": {
      "version": "4.9.4",
      "integrity": "sha512-YYYYYYYY...=="
    },
    "chalk": {
      "version": "5.3.0",
      "integrity": "sha512-dLitG79d+GV1Nb/VYcCDFivJeK1hiukt9QjRNVOsUtTy1rR1YJsmpGGTZ3qJos+uw7WmWF4wUwBd9jxjocFC2w=="
    },
    "change-case": {
      "version": "5.3.0",
      "integrity": "sha512-...=="
    },
    "commander": {
      "version": "12.1.0",
      "integrity": "sha512-Vw8qHK3bZM9y/P10u3Vib8o/DdkvA2OtPtZvD871QKjy74Wj1WSKFILMPRPSdUSx5RFK1arlJzEtA4PkFgnbuA=="
    },
    "is-plain-obj": {
      "version": "4.1.0",
      "integrity": "sha512-...=="
    },
    "json5": {
      "version": "2.2.2",
      "integrity": "sha512-...=="
    },
    "path-unified": {
      "version": "0.2.0",
      "integrity": "sha512-...=="
    },
    "prettier": {
      "version": "2.8.8",
      "integrity": "sha512-...=="
    },
    "tinycolor2": {
      "version": "1.6.0",
      "integrity": "sha512-...=="
    },
    "...": {}
  }
}
