{
  "name": "bild-design-tokens",
  "version": "1.0.0",
  "lockfileVersion": 2,
  "requires": true,
  "packages": {
    "": {
      "name": "bild-design-tokens",
      "version": "1.0.0",
      "devDependencies": {
        "style-dictionary": "^4.0.0"
      }
    },
    "node_modules/style-dictionary": {
      "version": "4.0.0",
      "resolved": "https://registry.npmjs.org/style-dictionary/-/style-dictionary-4.0.0.tgz",
      "integrity": "sha512-LEwo5vFQan2PxosPOFaUFiE8Dwb8Fe/FeBzbsxODe2AaZrIPay4VGLG9s1kOXDPemGSGzkmnq4uGjsPOpSezHQ==",
      "dev": true,
      "engines": {
        "node": ">=14"
      }
    }
  },
  "dependencies": {},
  "devDependencies": {
    "style-dictionary": "^4.0.0"
  }
}
